
Microsoft Visual Studio Solution File, Format Version 12.00
# Visual Studio Version 17
VisualStudioVersion = 17.6.33815.320
MinimumVisualStudioVersion = 10.0.40219.1
Project("{FAE04EC0-301F-11D3-BF4B-00C04F79EFBC}") = "linear project win", "linear project win\linear project win.csproj", "{41521E91-04D9-44CE-BF02-0C481AC2E1D3}"
EndProject
Global
	GlobalSection(SolutionConfigurationPlatforms) = preSolution
		Debug|Any CPU = Debug|Any CPU
		Release|Any CPU = Release|Any CPU
	EndGlobalSection
	GlobalSection(ProjectConfigurationPlatforms) = postSolution
		{41521E91-04D9-44CE-BF02-0C481AC2E1D3}.Debug|Any CPU.ActiveCfg = Debug|Any CPU
		{41521E91-04D9-44CE-BF02-0C481AC2E1D3}.Debug|Any CPU.Build.0 = Debug|Any CPU
		{41521E91-04D9-44CE-BF02-0C481AC2E1D3}.Release|Any CPU.ActiveCfg = Release|Any CPU
		{41521E91-04D9-44CE-BF02-0C481AC2E1D3}.Release|Any CPU.Build.0 = Release|Any CPU
	EndGlobalSection
	GlobalSection(SolutionProperties) = preSolution
		HideSolutionNode = FALSE
	EndGlobalSection
	GlobalSection(ExtensibilityGlobals) = postSolution
		SolutionGuid = {5109B315-0FA8-4CAC-83AF-66B4BBF00CBA}
	EndGlobalSection
EndGlobal
